
Microsoft Visual Studio Solution File, Format Version 12.00
# Visual Studio Version 17
VisualStudioVersion = 17.11.35222.181
MinimumVisualStudioVersion = 10.0.40219.1
Project("{FAE04EC0-301F-11D3-BF4B-00C04F79EFBC}") = "Task28", "Task28\Task28.csproj", "{100B584F-CC47-4304-804B-EEE11A329FD3}"
EndProject
Global
	GlobalSection(SolutionConfigurationPlatforms) = preSolution
		Debug|Any CPU = Debug|Any CPU
		Release|Any CPU = Release|Any CPU
	EndGlobalSection
	GlobalSection(ProjectConfigurationPlatforms) = postSolution
		{100B584F-CC47-4304-804B-EEE11A329FD3}.Debug|Any CPU.ActiveCfg = Debug|Any CPU
		{100B584F-CC47-4304-804B-EEE11A329FD3}.Debug|Any CPU.Build.0 = Debug|Any CPU
		{100B584F-CC47-4304-804B-EEE11A329FD3}.Release|Any CPU.ActiveCfg = Release|Any CPU
		{100B584F-CC47-4304-804B-EEE11A329FD3}.Release|Any CPU.Build.0 = Release|Any CPU
	EndGlobalSection
	GlobalSection(SolutionProperties) = preSolution
		HideSolutionNode = FALSE
	EndGlobalSection
	GlobalSection(ExtensibilityGlobals) = postSolution
		SolutionGuid = {B032FF3A-EABF-49CD-A967-25EDB25D3B87}
	EndGlobalSection
EndGlobal
