
Microsoft Visual Studio Solution File, Format Version 12.00
# Visual Studio Version 17
VisualStudioVersion = 17.11.35222.181
MinimumVisualStudioVersion = 10.0.40219.1
Project("{FAE04EC0-301F-11D3-BF4B-00C04F79EFBC}") = "Task21", "Task21\Task21.csproj", "{FCF7B850-265D-47C9-8784-D738521F195B}"
EndProject
Global
	GlobalSection(SolutionConfigurationPlatforms) = preSolution
		Debug|Any CPU = Debug|Any CPU
		Release|Any CPU = Release|Any CPU
	EndGlobalSection
	GlobalSection(ProjectConfigurationPlatforms) = postSolution
		{FCF7B850-265D-47C9-8784-D738521F195B}.Debug|Any CPU.ActiveCfg = Debug|Any CPU
		{FCF7B850-265D-47C9-8784-D738521F195B}.Debug|Any CPU.Build.0 = Debug|Any CPU
		{FCF7B850-265D-47C9-8784-D738521F195B}.Release|Any CPU.ActiveCfg = Release|Any CPU
		{FCF7B850-265D-47C9-8784-D738521F195B}.Release|Any CPU.Build.0 = Release|Any CPU
	EndGlobalSection
	GlobalSection(SolutionProperties) = preSolution
		HideSolutionNode = FALSE
	EndGlobalSection
	GlobalSection(ExtensibilityGlobals) = postSolution
		SolutionGuid = {4F645537-C4CF-4F9A-B653-D94181EA49BC}
	EndGlobalSection
EndGlobal
