
Microsoft Visual Studio Solution File, Format Version 12.00
# Visual Studio Version 17
VisualStudioVersion = 17.11.35222.181
MinimumVisualStudioVersion = 10.0.40219.1
Project("{FAE04EC0-301F-11D3-BF4B-00C04F79EFBC}") = "Task11", "Task11\Task11.csproj", "{D3D54248-55E6-48A5-B471-1A57AC8EEC1E}"
EndProject
Project("{FAE04EC0-301F-11D3-BF4B-00C04F79EFBC}") = "Task10", "..\Task10\Task10\Task10.csproj", "{13CFA5A3-620E-4F5D-B1E1-4EAC1B882EFE}"
EndProject
Global
	GlobalSection(SolutionConfigurationPlatforms) = preSolution
		Debug|Any CPU = Debug|Any CPU
		Release|Any CPU = Release|Any CPU
	EndGlobalSection
	GlobalSection(ProjectConfigurationPlatforms) = postSolution
		{D3D54248-55E6-48A5-B471-1A57AC8EEC1E}.Debug|Any CPU.ActiveCfg = Debug|Any CPU
		{D3D54248-55E6-48A5-B471-1A57AC8EEC1E}.Debug|Any CPU.Build.0 = Debug|Any CPU
		{D3D54248-55E6-48A5-B471-1A57AC8EEC1E}.Release|Any CPU.ActiveCfg = Release|Any CPU
		{D3D54248-55E6-48A5-B471-1A57AC8EEC1E}.Release|Any CPU.Build.0 = Release|Any CPU
		{13CFA5A3-620E-4F5D-B1E1-4EAC1B882EFE}.Debug|Any CPU.ActiveCfg = Debug|Any CPU
		{13CFA5A3-620E-4F5D-B1E1-4EAC1B882EFE}.Debug|Any CPU.Build.0 = Debug|Any CPU
		{13CFA5A3-620E-4F5D-B1E1-4EAC1B882EFE}.Release|Any CPU.ActiveCfg = Release|Any CPU
		{13CFA5A3-620E-4F5D-B1E1-4EAC1B882EFE}.Release|Any CPU.Build.0 = Release|Any CPU
	EndGlobalSection
	GlobalSection(SolutionProperties) = preSolution
		HideSolutionNode = FALSE
	EndGlobalSection
	GlobalSection(ExtensibilityGlobals) = postSolution
		SolutionGuid = {E0633A90-4D40-41C7-B347-F27B6E1F5578}
	EndGlobalSection
EndGlobal
