
Microsoft Visual Studio Solution File, Format Version 12.00
# Visual Studio Version 17
VisualStudioVersion = 17.11.35222.181
MinimumVisualStudioVersion = 10.0.40219.1
Project("{FAE04EC0-301F-11D3-BF4B-00C04F79EFBC}") = "Task18", "Task18\Task18.csproj", "{DE59A64D-789D-401E-A5F3-6CC61D6091CB}"
EndProject
Global
	GlobalSection(SolutionConfigurationPlatforms) = preSolution
		Debug|Any CPU = Debug|Any CPU
		Release|Any CPU = Release|Any CPU
	EndGlobalSection
	GlobalSection(ProjectConfigurationPlatforms) = postSolution
		{DE59A64D-789D-401E-A5F3-6CC61D6091CB}.Debug|Any CPU.ActiveCfg = Debug|Any CPU
		{DE59A64D-789D-401E-A5F3-6CC61D6091CB}.Debug|Any CPU.Build.0 = Debug|Any CPU
		{DE59A64D-789D-401E-A5F3-6CC61D6091CB}.Release|Any CPU.ActiveCfg = Release|Any CPU
		{DE59A64D-789D-401E-A5F3-6CC61D6091CB}.Release|Any CPU.Build.0 = Release|Any CPU
	EndGlobalSection
	GlobalSection(SolutionProperties) = preSolution
		HideSolutionNode = FALSE
	EndGlobalSection
	GlobalSection(ExtensibilityGlobals) = postSolution
		SolutionGuid = {DC901C75-9399-4FAA-8A29-8D83B5CBD9A4}
	EndGlobalSection
EndGlobal
