
Microsoft Visual Studio Solution File, Format Version 12.00
# Visual Studio Version 17
VisualStudioVersion = 17.11.35222.181
MinimumVisualStudioVersion = 10.0.40219.1
Project("{FAE04EC0-301F-11D3-BF4B-00C04F79EFBC}") = "Task2", "Task2\Task2.csproj", "{6A6C323D-A020-46A1-90FA-4806E8DED3EF}"
EndProject
Global
	GlobalSection(SolutionConfigurationPlatforms) = preSolution
		Debug|Any CPU = Debug|Any CPU
		Release|Any CPU = Release|Any CPU
	EndGlobalSection
	GlobalSection(ProjectConfigurationPlatforms) = postSolution
		{6A6C323D-A020-46A1-90FA-4806E8DED3EF}.Debug|Any CPU.ActiveCfg = Debug|Any CPU
		{6A6C323D-A020-46A1-90FA-4806E8DED3EF}.Debug|Any CPU.Build.0 = Debug|Any CPU
		{6A6C323D-A020-46A1-90FA-4806E8DED3EF}.Release|Any CPU.ActiveCfg = Release|Any CPU
		{6A6C323D-A020-46A1-90FA-4806E8DED3EF}.Release|Any CPU.Build.0 = Release|Any CPU
	EndGlobalSection
	GlobalSection(SolutionProperties) = preSolution
		HideSolutionNode = FALSE
	EndGlobalSection
	GlobalSection(ExtensibilityGlobals) = postSolution
		SolutionGuid = {EE95E96C-3B48-4744-9566-6F0633081C91}
	EndGlobalSection
EndGlobal
